// !$*UTF8*$!
{
	archiveVersion = 1;
	classes = {
	};
	objectVersion = 56;
	objects = {

/* Begin PBXBuildFile section */
		9878F30C2A56988400DC7850 /* ChowNowApp.swift in Sources */ = {isa = PBXBuildFile; fileRef = 9878F30B2A56988400DC7850 /* ChowNowApp.swift */; };
		9878F3102A56988500DC7850 /* Assets.xcassets in Resources */ = {isa = PBXBuildFile; fileRef = 9878F30F2A56988500DC7850 /* Assets.xcassets */; };
		9878F3132A56988500DC7850 /* Preview Assets.xcassets in Resources */ = {isa = PBXBuildFile; fileRef = 9878F3122A56988500DC7850 /* Preview Assets.xcassets */; };
		9878F3272A56988600DC7850 /* ChowNowUITests.swift in Sources */ = {isa = PBXBuildFile; fileRef = 9878F3262A56988600DC7850 /* ChowNowUITests.swift */; };
		9878F3292A56988600DC7850 /* ChowNowUITestsLaunchTests.swift in Sources */ = {isa = PBXBuildFile; fileRef = 9878F3282A56988600DC7850 /* ChowNowUITestsLaunchTests.swift */; };
		9878F3402A56A38600DC7850 /* RestaurantView.swift in Sources */ = {isa = PBXBuildFile; fileRef = 9878F33F2A56A38600DC7850 /* RestaurantView.swift */; };
		9878F3492A56A42100DC7850 /* StatefulViewController.swift in Sources */ = {isa = PBXBuildFile; fileRef = 9878F3482A56A42100DC7850 /* StatefulViewController.swift */; };
		9878F34C2A56A4B800DC7850 /* SnapKit in Frameworks */ = {isa = PBXBuildFile; productRef = 9878F34B2A56A4B800DC7850 /* SnapKit */; };
		9878F3502A56A5FB00DC7850 /* LoadingView.swift in Sources */ = {isa = PBXBuildFile; fileRef = 9878F34F2A56A5FB00DC7850 /* LoadingView.swift */; };
		9878F3532A56A8AB00DC7850 /* Constants+Strings.swift in Sources */ = {isa = PBXBuildFile; fileRef = 9878F3522A56A8AB00DC7850 /* Constants+Strings.swift */; };
		9878F3552A56A8CA00DC7850 /* Constants+Layout.swift in Sources */ = {isa = PBXBuildFile; fileRef = 9878F3542A56A8CA00DC7850 /* Constants+Layout.swift */; };
		9878F3582A56A8F100DC7850 /* ChowNow+Extensions.swift in Sources */ = {isa = PBXBuildFile; fileRef = 9878F3572A56A8F100DC7850 /* ChowNow+Extensions.swift */; };
		9878F35A2A56A91400DC7850 /* BasicError.swift in Sources */ = {isa = PBXBuildFile; fileRef = 9878F3592A56A91400DC7850 /* BasicError.swift */; };
		9878F35E2A56A9D300DC7850 /* RestaurantService.swift in Sources */ = {isa = PBXBuildFile; fileRef = 9878F35D2A56A9D300DC7850 /* RestaurantService.swift */; };
		9878F3602A56AA7300DC7850 /* RestaurantResponse.swift in Sources */ = {isa = PBXBuildFile; fileRef = 9878F35F2A56AA7300DC7850 /* RestaurantResponse.swift */; };
		9878F3682A56B2B100DC7850 /* RestaurantControllerRepresentable.swift in Sources */ = {isa = PBXBuildFile; fileRef = 9878F3672A56B2B100DC7850 /* RestaurantControllerRepresentable.swift */; };
		9878F36A2A56B2E900DC7850 /* RestaurantViewController.swift in Sources */ = {isa = PBXBuildFile; fileRef = 9878F3692A56B2E900DC7850 /* RestaurantViewController.swift */; };
		9878F36D2A56B31000DC7850 /* RestaurantViewModel.swift in Sources */ = {isa = PBXBuildFile; fileRef = 9878F36C2A56B31000DC7850 /* RestaurantViewModel.swift */; };
		9878F36F2A56CD7A00DC7850 /* LocationCell.swift in Sources */ = {isa = PBXBuildFile; fileRef = 9878F36E2A56CD7A00DC7850 /* LocationCell.swift */; };
		9878F3722A56CDC700DC7850 /* BaseCell.swift in Sources */ = {isa = PBXBuildFile; fileRef = 9878F3712A56CDC700DC7850 /* BaseCell.swift */; };
		98FBB2D02A56E5D800FF00E6 /* LocationDetailView.swift in Sources */ = {isa = PBXBuildFile; fileRef = 98FBB2CF2A56E5D800FF00E6 /* LocationDetailView.swift */; };
		98FBB2D62A5715D200FF00E6 /* LocationDetailViewModel.swift in Sources */ = {isa = PBXBuildFile; fileRef = 98FBB2D52A5715D200FF00E6 /* LocationDetailViewModel.swift */; };
		98FBB2D82A571F8200FF00E6 /* AnnotationData.swift in Sources */ = {isa = PBXBuildFile; fileRef = 98FBB2D72A571F8100FF00E6 /* AnnotationData.swift */; };
		98FBB2E02A5755E800FF00E6 /* MockRestaurantService.swift in Sources */ = {isa = PBXBuildFile; fileRef = 98FBB2DF2A5755E800FF00E6 /* MockRestaurantService.swift */; };
		98FBB2E22A5756C000FF00E6 /* RestaurantViewModelTests.swift in Sources */ = {isa = PBXBuildFile; fileRef = 98FBB2E12A5756C000FF00E6 /* RestaurantViewModelTests.swift */; };
		98FBB2E42A575BF500FF00E6 /* Extension+Colors.swift in Sources */ = {isa = PBXBuildFile; fileRef = 98FBB2E32A575BF500FF00E6 /* Extension+Colors.swift */; };
		98FBB2E82A5767C200FF00E6 /* screenshot.png in Resources */ = {isa = PBXBuildFile; fileRef = 98FBB2E72A5767C200FF00E6 /* screenshot.png */; };
/* End PBXBuildFile section */

/* Begin PBXContainerItemProxy section */
		9878F3192A56988600DC7850 /* PBXContainerItemProxy */ = {
			isa = PBXContainerItemProxy;
			containerPortal = 9878F3002A56988400DC7850 /* Project object */;
			proxyType = 1;
			remoteGlobalIDString = 9878F3072A56988400DC7850;
			remoteInfo = ChowNow;
		};
		9878F3232A56988600DC7850 /* PBXContainerItemProxy */ = {
			isa = PBXContainerItemProxy;
			containerPortal = 9878F3002A56988400DC7850 /* Project object */;
			proxyType = 1;
			remoteGlobalIDString = 9878F3072A56988400DC7850;
			remoteInfo = ChowNow;
		};
/* End PBXContainerItemProxy section */

/* Begin PBXFileReference section */
		9878F3082A56988400DC7850 /* ChowNow.app */ = {isa = PBXFileReference; explicitFileType = wrapper.application; includeInIndex = 0; path = ChowNow.app; sourceTree = BUILT_PRODUCTS_DIR; };
		9878F30B2A56988400DC7850 /* ChowNowApp.swift */ = {isa = PBXFileReference; lastKnownFileType = sourcecode.swift; path = ChowNowApp.swift; sourceTree = "<group>"; };
		9878F30F2A56988500DC7850 /* Assets.xcassets */ = {isa = PBXFileReference; lastKnownFileType = folder.assetcatalog; path = Assets.xcassets; sourceTree = "<group>"; };
		9878F3122A56988500DC7850 /* Preview Assets.xcassets */ = {isa = PBXFileReference; lastKnownFileType = folder.assetcatalog; path = "Preview Assets.xcassets"; sourceTree = "<group>"; };
		9878F3182A56988600DC7850 /* ChowNowTests.xctest */ = {isa = PBXFileReference; explicitFileType = wrapper.cfbundle; includeInIndex = 0; path = ChowNowTests.xctest; sourceTree = BUILT_PRODUCTS_DIR; };
		9878F3222A56988600DC7850 /* ChowNowUITests.xctest */ = {isa = PBXFileReference; explicitFileType = wrapper.cfbundle; includeInIndex = 0; path = ChowNowUITests.xctest; sourceTree = BUILT_PRODUCTS_DIR; };
		9878F3262A56988600DC7850 /* ChowNowUITests.swift */ = {isa = PBXFileReference; lastKnownFileType = sourcecode.swift; path = ChowNowUITests.swift; sourceTree = "<group>"; };
		9878F3282A56988600DC7850 /* ChowNowUITestsLaunchTests.swift */ = {isa = PBXFileReference; lastKnownFileType = sourcecode.swift; path = ChowNowUITestsLaunchTests.swift; sourceTree = "<group>"; };
		9878F33F2A56A38600DC7850 /* RestaurantView.swift */ = {isa = PBXFileReference; lastKnownFileType = sourcecode.swift; path = RestaurantView.swift; sourceTree = "<group>"; };
		9878F3482A56A42100DC7850 /* StatefulViewController.swift */ = {isa = PBXFileReference; lastKnownFileType = sourcecode.swift; path = StatefulViewController.swift; sourceTree = "<group>"; };
		9878F34F2A56A5FB00DC7850 /* LoadingView.swift */ = {isa = PBXFileReference; lastKnownFileType = sourcecode.swift; path = LoadingView.swift; sourceTree = "<group>"; };
		9878F3522A56A8AB00DC7850 /* Constants+Strings.swift */ = {isa = PBXFileReference; lastKnownFileType = sourcecode.swift; path = "Constants+Strings.swift"; sourceTree = "<group>"; };
		9878F3542A56A8CA00DC7850 /* Constants+Layout.swift */ = {isa = PBXFileReference; lastKnownFileType = sourcecode.swift; path = "Constants+Layout.swift"; sourceTree = "<group>"; };
		9878F3572A56A8F100DC7850 /* ChowNow+Extensions.swift */ = {isa = PBXFileReference; lastKnownFileType = sourcecode.swift; path = "ChowNow+Extensions.swift"; sourceTree = "<group>"; };
		9878F3592A56A91400DC7850 /* BasicError.swift */ = {isa = PBXFileReference; lastKnownFileType = sourcecode.swift; path = BasicError.swift; sourceTree = "<group>"; };
		9878F35D2A56A9D300DC7850 /* RestaurantService.swift */ = {isa = PBXFileReference; lastKnownFileType = sourcecode.swift; path = RestaurantService.swift; sourceTree = "<group>"; };
		9878F35F2A56AA7300DC7850 /* RestaurantResponse.swift */ = {isa = PBXFileReference; lastKnownFileType = sourcecode.swift; path = RestaurantResponse.swift; sourceTree = "<group>"; };
		9878F3672A56B2B100DC7850 /* RestaurantControllerRepresentable.swift */ = {isa = PBXFileReference; lastKnownFileType = sourcecode.swift; path = RestaurantControllerRepresentable.swift; sourceTree = "<group>"; };
		9878F3692A56B2E900DC7850 /* RestaurantViewController.swift */ = {isa = PBXFileReference; lastKnownFileType = sourcecode.swift; path = RestaurantViewController.swift; sourceTree = "<group>"; };
		9878F36C2A56B31000DC7850 /* RestaurantViewModel.swift */ = {isa = PBXFileReference; lastKnownFileType = sourcecode.swift; path = RestaurantViewModel.swift; sourceTree = "<group>"; };
		9878F36E2A56CD7A00DC7850 /* LocationCell.swift */ = {isa = PBXFileReference; lastKnownFileType = sourcecode.swift; path = LocationCell.swift; sourceTree = "<group>"; };
		9878F3712A56CDC700DC7850 /* BaseCell.swift */ = {isa = PBXFileReference; lastKnownFileType = sourcecode.swift; path = BaseCell.swift; sourceTree = "<group>"; };
		98FBB2CF2A56E5D800FF00E6 /* LocationDetailView.swift */ = {isa = PBXFileReference; lastKnownFileType = sourcecode.swift; path = LocationDetailView.swift; sourceTree = "<group>"; };
		98FBB2D52A5715D200FF00E6 /* LocationDetailViewModel.swift */ = {isa = PBXFileReference; lastKnownFileType = sourcecode.swift; path = LocationDetailViewModel.swift; sourceTree = "<group>"; };
		98FBB2D72A571F8100FF00E6 /* AnnotationData.swift */ = {isa = PBXFileReference; lastKnownFileType = sourcecode.swift; path = AnnotationData.swift; sourceTree = "<group>"; };
		98FBB2DF2A5755E800FF00E6 /* MockRestaurantService.swift */ = {isa = PBXFileReference; lastKnownFileType = sourcecode.swift; path = MockRestaurantService.swift; sourceTree = "<group>"; };
		98FBB2E12A5756C000FF00E6 /* RestaurantViewModelTests.swift */ = {isa = PBXFileReference; lastKnownFileType = sourcecode.swift; path = RestaurantViewModelTests.swift; sourceTree = "<group>"; };
		98FBB2E32A575BF500FF00E6 /* Extension+Colors.swift */ = {isa = PBXFileReference; lastKnownFileType = sourcecode.swift; path = "Extension+Colors.swift"; sourceTree = "<group>"; };
		98FBB2E72A5767C200FF00E6 /* screenshot.png */ = {isa = PBXFileReference; lastKnownFileType = image.png; path = screenshot.png; sourceTree = "<group>"; };
/* End PBXFileReference section */

/* Begin PBXFrameworksBuildPhase section */
		9878F3052A56988400DC7850 /* Frameworks */ = {
			isa = PBXFrameworksBuildPhase;
			buildActionMask = 2147483647;
			files = (
				9878F34C2A56A4B800DC7850 /* SnapKit in Frameworks */,
			);
			runOnlyForDeploymentPostprocessing = 0;
		};
		9878F3152A56988600DC7850 /* Frameworks */ = {
			isa = PBXFrameworksBuildPhase;
			buildActionMask = 2147483647;
			files = (
			);
			runOnlyForDeploymentPostprocessing = 0;
		};
		9878F31F2A56988600DC7850 /* Frameworks */ = {
			isa = PBXFrameworksBuildPhase;
			buildActionMask = 2147483647;
			files = (
			);
			runOnlyForDeploymentPostprocessing = 0;
		};
/* End PBXFrameworksBuildPhase section */

/* Begin PBXGroup section */
		9878F2FF2A56988400DC7850 = {
			isa = PBXGroup;
			children = (
				98FBB2E72A5767C200FF00E6 /* screenshot.png */,
				9878F30A2A56988400DC7850 /* ChowNow */,
				9878F31B2A56988600DC7850 /* ChowNowTests */,
				9878F3252A56988600DC7850 /* ChowNowUITests */,
				9878F3092A56988400DC7850 /* Products */,
			);
			sourceTree = "<group>";
		};
		9878F3092A56988400DC7850 /* Products */ = {
			isa = PBXGroup;
			children = (
				9878F3082A56988400DC7850 /* ChowNow.app */,
				9878F3182A56988600DC7850 /* ChowNowTests.xctest */,
				9878F3222A56988600DC7850 /* ChowNowUITests.xctest */,
			);
			name = Products;
			sourceTree = "<group>";
		};
		9878F30A2A56988400DC7850 /* ChowNow */ = {
			isa = PBXGroup;
			children = (
				9878F3352A56A28B00DC7850 /* App */,
				9878F3362A56A29000DC7850 /* Model */,
				9878F3112A56988500DC7850 /* Preview Content */,
				9878F3392A56A2A600DC7850 /* Resources */,
				9878F3372A56A29A00DC7850 /* View */,
				9878F3382A56A29F00DC7850 /* ViewModel */,
			);
			path = ChowNow;
			sourceTree = "<group>";
		};
		9878F3112A56988500DC7850 /* Preview Content */ = {
			isa = PBXGroup;
			children = (
				9878F3122A56988500DC7850 /* Preview Assets.xcassets */,
			);
			path = "Preview Content";
			sourceTree = "<group>";
		};
		9878F31B2A56988600DC7850 /* ChowNowTests */ = {
			isa = PBXGroup;
			children = (
				98FBB2DE2A5755BE00FF00E6 /* Restaurant */,
				98FBB2DB2A5755AA00FF00E6 /* Mock */,
			);
			path = ChowNowTests;
			sourceTree = "<group>";
		};
		9878F3252A56988600DC7850 /* ChowNowUITests */ = {
			isa = PBXGroup;
			children = (
				9878F3262A56988600DC7850 /* ChowNowUITests.swift */,
				9878F3282A56988600DC7850 /* ChowNowUITestsLaunchTests.swift */,
			);
			path = ChowNowUITests;
			sourceTree = "<group>";
		};
		9878F3352A56A28B00DC7850 /* App */ = {
			isa = PBXGroup;
			children = (
				9878F30B2A56988400DC7850 /* ChowNowApp.swift */,
			);
			path = App;
			sourceTree = "<group>";
		};
		9878F3362A56A29000DC7850 /* Model */ = {
			isa = PBXGroup;
			children = (
				9878F35F2A56AA7300DC7850 /* RestaurantResponse.swift */,
				98FBB2D72A571F8100FF00E6 /* AnnotationData.swift */,
			);
			path = Model;
			sourceTree = "<group>";
		};
		9878F3372A56A29A00DC7850 /* View */ = {
			isa = PBXGroup;
			children = (
				9878F33D2A56A35A00DC7850 /* RestaurantLocationDetail */,
				9878F33C2A56A35000DC7850 /* Restaurant */,
			);
			path = View;
			sourceTree = "<group>";
		};
		9878F3382A56A29F00DC7850 /* ViewModel */ = {
			isa = PBXGroup;
			children = (
				98FBB2D42A5715C200FF00E6 /* LocationDetail */,
				9878F36B2A56B30400DC7850 /* Restaurant */,
			);
			path = ViewModel;
			sourceTree = "<group>";
		};
		9878F3392A56A2A600DC7850 /* Resources */ = {
			isa = PBXGroup;
			children = (
				9878F3412A56A3C300DC7850 /* Assets */,
				9878F3422A56A3CD00DC7850 /* Components */,
				9878F3432A56A3D500DC7850 /* Constants */,
				9878F3442A56A3DD00DC7850 /* Extensions */,
				9878F3452A56A3E500DC7850 /* Services */,
				9878F3462A56A3EA00DC7850 /* Utilities */,
			);
			path = Resources;
			sourceTree = "<group>";
		};
		9878F33C2A56A35000DC7850 /* Restaurant */ = {
			isa = PBXGroup;
			children = (
				9878F3662A56B27B00DC7850 /* Representable */,
				9878F3642A56B26E00DC7850 /* UIKit */,
				9878F33F2A56A38600DC7850 /* RestaurantView.swift */,
			);
			path = Restaurant;
			sourceTree = "<group>";
		};
		9878F33D2A56A35A00DC7850 /* RestaurantLocationDetail */ = {
			isa = PBXGroup;
			children = (
				98FBB2CF2A56E5D800FF00E6 /* LocationDetailView.swift */,
			);
			path = RestaurantLocationDetail;
			sourceTree = "<group>";
		};
		9878F3412A56A3C300DC7850 /* Assets */ = {
			isa = PBXGroup;
			children = (
				9878F30F2A56988500DC7850 /* Assets.xcassets */,
			);
			path = Assets;
			sourceTree = "<group>";
		};
		9878F3422A56A3CD00DC7850 /* Components */ = {
			isa = PBXGroup;
			children = (
				9878F3482A56A42100DC7850 /* StatefulViewController.swift */,
				9878F34F2A56A5FB00DC7850 /* LoadingView.swift */,
			);
			path = Components;
			sourceTree = "<group>";
		};
		9878F3432A56A3D500DC7850 /* Constants */ = {
			isa = PBXGroup;
			children = (
				9878F3522A56A8AB00DC7850 /* Constants+Strings.swift */,
				9878F3542A56A8CA00DC7850 /* Constants+Layout.swift */,
			);
			path = Constants;
			sourceTree = "<group>";
		};
		9878F3442A56A3DD00DC7850 /* Extensions */ = {
			isa = PBXGroup;
			children = (
				98FBB2E32A575BF500FF00E6 /* Extension+Colors.swift */,
				9878F3572A56A8F100DC7850 /* ChowNow+Extensions.swift */,
			);
			path = Extensions;
			sourceTree = "<group>";
		};
		9878F3452A56A3E500DC7850 /* Services */ = {
			isa = PBXGroup;
			children = (
				9878F35D2A56A9D300DC7850 /* RestaurantService.swift */,
			);
			path = Services;
			sourceTree = "<group>";
		};
		9878F3462A56A3EA00DC7850 /* Utilities */ = {
			isa = PBXGroup;
			children = (
				9878F3592A56A91400DC7850 /* BasicError.swift */,
			);
			path = Utilities;
			sourceTree = "<group>";
		};
		9878F3642A56B26E00DC7850 /* UIKit */ = {
			isa = PBXGroup;
			children = (
				9878F3702A56CDB900DC7850 /* Cells */,
				9878F3692A56B2E900DC7850 /* RestaurantViewController.swift */,
			);
			path = UIKit;
			sourceTree = "<group>";
		};
		9878F3662A56B27B00DC7850 /* Representable */ = {
			isa = PBXGroup;
			children = (
				9878F3672A56B2B100DC7850 /* RestaurantControllerRepresentable.swift */,
			);
			path = Representable;
			sourceTree = "<group>";
		};
		9878F36B2A56B30400DC7850 /* Restaurant */ = {
			isa = PBXGroup;
			children = (
				9878F36C2A56B31000DC7850 /* RestaurantViewModel.swift */,
			);
			path = Restaurant;
			sourceTree = "<group>";
		};
		9878F3702A56CDB900DC7850 /* Cells */ = {
			isa = PBXGroup;
			children = (
				9878F36E2A56CD7A00DC7850 /* LocationCell.swift */,
				9878F3712A56CDC700DC7850 /* BaseCell.swift */,
			);
			path = Cells;
			sourceTree = "<group>";
		};
		98FBB2D42A5715C200FF00E6 /* LocationDetail */ = {
			isa = PBXGroup;
			children = (
				98FBB2D52A5715D200FF00E6 /* LocationDetailViewModel.swift */,
			);
			path = LocationDetail;
			sourceTree = "<group>";
		};
		98FBB2DB2A5755AA00FF00E6 /* Mock */ = {
			isa = PBXGroup;
			children = (
				98FBB2DF2A5755E800FF00E6 /* MockRestaurantService.swift */,
			);
			path = Mock;
			sourceTree = "<group>";
		};
		98FBB2DE2A5755BE00FF00E6 /* Restaurant */ = {
			isa = PBXGroup;
			children = (
				98FBB2E12A5756C000FF00E6 /* RestaurantViewModelTests.swift */,
			);
			path = Restaurant;
			sourceTree = "<group>";
		};
/* End PBXGroup section */

/* Begin PBXNativeTarget section */
		9878F3072A56988400DC7850 /* ChowNow */ = {
			isa = PBXNativeTarget;
			buildConfigurationList = 9878F32C2A56988600DC7850 /* Build configuration list for PBXNativeTarget "ChowNow" */;
			buildPhases = (
				9878F3042A56988400DC7850 /* Sources */,
				9878F3052A56988400DC7850 /* Frameworks */,
				9878F3062A56988400DC7850 /* Resources */,
			);
			buildRules = (
			);
			dependencies = (
			);
			name = ChowNow;
			packageProductDependencies = (
				9878F34B2A56A4B800DC7850 /* SnapKit */,
			);
			productName = ChowNow;
			productReference = 9878F3082A56988400DC7850 /* ChowNow.app */;
			productType = "com.apple.product-type.application";
		};
		9878F3172A56988600DC7850 /* ChowNowTests */ = {
			isa = PBXNativeTarget;
			buildConfigurationList = 9878F32F2A56988600DC7850 /* Build configuration list for PBXNativeTarget "ChowNowTests" */;
			buildPhases = (
				9878F3142A56988600DC7850 /* Sources */,
				9878F3152A56988600DC7850 /* Frameworks */,
				9878F3162A56988600DC7850 /* Resources */,
			);
			buildRules = (
			);
			dependencies = (
				9878F31A2A56988600DC7850 /* PBXTargetDependency */,
			);
			name = ChowNowTests;
			productName = ChowNowTests;
			productReference = 9878F3182A56988600DC7850 /* ChowNowTests.xctest */;
			productType = "com.apple.product-type.bundle.unit-test";
		};
		9878F3212A56988600DC7850 /* ChowNowUITests */ = {
			isa = PBXNativeTarget;
			buildConfigurationList = 9878F3322A56988600DC7850 /* Build configuration list for PBXNativeTarget "ChowNowUITests" */;
			buildPhases = (
				9878F31E2A56988600DC7850 /* Sources */,
				9878F31F2A56988600DC7850 /* Frameworks */,
				9878F3202A56988600DC7850 /* Resources */,
			);
			buildRules = (
			);
			dependencies = (
				9878F3242A56988600DC7850 /* PBXTargetDependency */,
			);
			name = ChowNowUITests;
			productName = ChowNowUITests;
			productReference = 9878F3222A56988600DC7850 /* ChowNowUITests.xctest */;
			productType = "com.apple.product-type.bundle.ui-testing";
		};
/* End PBXNativeTarget section */

/* Begin PBXProject section */
		9878F3002A56988400DC7850 /* Project object */ = {
			isa = PBXProject;
			attributes = {
				BuildIndependentTargetsInParallel = 1;
				LastSwiftUpdateCheck = 1500;
				LastUpgradeCheck = 1500;
				TargetAttributes = {
					9878F3072A56988400DC7850 = {
						CreatedOnToolsVersion = 15.0;
					};
					9878F3172A56988600DC7850 = {
						CreatedOnToolsVersion = 15.0;
						LastSwiftMigration = 1500;
						TestTargetID = 9878F3072A56988400DC7850;
					};
					9878F3212A56988600DC7850 = {
						CreatedOnToolsVersion = 15.0;
						TestTargetID = 9878F3072A56988400DC7850;
					};
				};
			};
			buildConfigurationList = 9878F3032A56988400DC7850 /* Build configuration list for PBXProject "ChowNow" */;
			compatibilityVersion = "Xcode 14.0";
			developmentRegion = en;
			hasScannedForEncodings = 0;
			knownRegions = (
				en,
				Base,
			);
			mainGroup = 9878F2FF2A56988400DC7850;
			packageReferences = (
				9878F34A2A56A4B800DC7850 /* XCRemoteSwiftPackageReference "SnapKit" */,
			);
			productRefGroup = 9878F3092A56988400DC7850 /* Products */;
			projectDirPath = "";
			projectRoot = "";
			targets = (
				9878F3072A56988400DC7850 /* ChowNow */,
				9878F3172A56988600DC7850 /* ChowNowTests */,
				9878F3212A56988600DC7850 /* ChowNowUITests */,
			);
		};
/* End PBXProject section */

/* Begin PBXResourcesBuildPhase section */
		9878F3062A56988400DC7850 /* Resources */ = {
			isa = PBXResourcesBuildPhase;
			buildActionMask = 2147483647;
			files = (
				9878F3132A56988500DC7850 /* Preview Assets.xcassets in Resources */,
				98FBB2E82A5767C200FF00E6 /* screenshot.png in Resources */,
				9878F3102A56988500DC7850 /* Assets.xcassets in Resources */,
			);
			runOnlyForDeploymentPostprocessing = 0;
		};
		9878F3162A56988600DC7850 /* Resources */ = {
			isa = PBXResourcesBuildPhase;
			buildActionMask = 2147483647;
			files = (
			);
			runOnlyForDeploymentPostprocessing = 0;
		};
		9878F3202A56988600DC7850 /* Resources */ = {
			isa = PBXResourcesBuildPhase;
			buildActionMask = 2147483647;
			files = (
			);
			runOnlyForDeploymentPostprocessing = 0;
		};
/* End PBXResourcesBuildPhase section */

/* Begin PBXSourcesBuildPhase section */
		9878F3042A56988400DC7850 /* Sources */ = {
			isa = PBXSourcesBuildPhase;
			buildActionMask = 2147483647;
			files = (
				98FBB2D62A5715D200FF00E6 /* LocationDetailViewModel.swift in Sources */,
				9878F30C2A56988400DC7850 /* ChowNowApp.swift in Sources */,
				9878F3602A56AA7300DC7850 /* RestaurantResponse.swift in Sources */,
				9878F3402A56A38600DC7850 /* RestaurantView.swift in Sources */,
				9878F3532A56A8AB00DC7850 /* Constants+Strings.swift in Sources */,
				9878F36F2A56CD7A00DC7850 /* LocationCell.swift in Sources */,
				9878F3552A56A8CA00DC7850 /* Constants+Layout.swift in Sources */,
				9878F36D2A56B31000DC7850 /* RestaurantViewModel.swift in Sources */,
				9878F35E2A56A9D300DC7850 /* RestaurantService.swift in Sources */,
				9878F3502A56A5FB00DC7850 /* LoadingView.swift in Sources */,
				98FBB2D82A571F8200FF00E6 /* AnnotationData.swift in Sources */,
				9878F36A2A56B2E900DC7850 /* RestaurantViewController.swift in Sources */,
				98FBB2D02A56E5D800FF00E6 /* LocationDetailView.swift in Sources */,
				98FBB2E42A575BF500FF00E6 /* Extension+Colors.swift in Sources */,
				9878F3492A56A42100DC7850 /* StatefulViewController.swift in Sources */,
				9878F3582A56A8F100DC7850 /* ChowNow+Extensions.swift in Sources */,
				9878F3682A56B2B100DC7850 /* RestaurantControllerRepresentable.swift in Sources */,
				9878F3722A56CDC700DC7850 /* BaseCell.swift in Sources */,
				9878F35A2A56A91400DC7850 /* BasicError.swift in Sources */,
			);
			runOnlyForDeploymentPostprocessing = 0;
		};
		9878F3142A56988600DC7850 /* Sources */ = {
			isa = PBXSourcesBuildPhase;
			buildActionMask = 2147483647;
			files = (
				98FBB2E02A5755E800FF00E6 /* MockRestaurantService.swift in Sources */,
				98FBB2E22A5756C000FF00E6 /* RestaurantViewModelTests.swift in Sources */,
			);
			runOnlyForDeploymentPostprocessing = 0;
		};
		9878F31E2A56988600DC7850 /* Sources */ = {
			isa = PBXSourcesBuildPhase;
			buildActionMask = 2147483647;
			files = (
				9878F3292A56988600DC7850 /* ChowNowUITestsLaunchTests.swift in Sources */,
				9878F3272A56988600DC7850 /* ChowNowUITests.swift in Sources */,
			);
			runOnlyForDeploymentPostprocessing = 0;
		};
/* End PBXSourcesBuildPhase section */

/* Begin PBXTargetDependency section */
		9878F31A2A56988600DC7850 /* PBXTargetDependency */ = {
			isa = PBXTargetDependency;
			target = 9878F3072A56988400DC7850 /* ChowNow */;
			targetProxy = 9878F3192A56988600DC7850 /* PBXContainerItemProxy */;
		};
		9878F3242A56988600DC7850 /* PBXTargetDependency */ = {
			isa = PBXTargetDependency;
			target = 9878F3072A56988400DC7850 /* ChowNow */;
			targetProxy = 9878F3232A56988600DC7850 /* PBXContainerItemProxy */;
		};
/* End PBXTargetDependency section */

/* Begin XCBuildConfiguration section */
		9878F32A2A56988600DC7850 /* Debug */ = {
			isa = XCBuildConfiguration;
			buildSettings = {
				ALWAYS_SEARCH_USER_PATHS = NO;
				ASSETCATALOG_COMPILER_GENERATE_SWIFT_ASSET_SYMBOL_EXTENSIONS = YES;
				CLANG_ANALYZER_NONNULL = YES;
				CLANG_ANALYZER_NUMBER_OBJECT_CONVERSION = YES_AGGRESSIVE;
				CLANG_CXX_LANGUAGE_STANDARD = "gnu++20";
				CLANG_ENABLE_MODULES = YES;
				CLANG_ENABLE_OBJC_ARC = YES;
				CLANG_ENABLE_OBJC_WEAK = YES;
				CLANG_WARN_BLOCK_CAPTURE_AUTORELEASING = YES;
				CLANG_WARN_BOOL_CONVERSION = YES;
				CLANG_WARN_COMMA = YES;
				CLANG_WARN_CONSTANT_CONVERSION = YES;
				CLANG_WARN_DEPRECATED_OBJC_IMPLEMENTATIONS = YES;
				CLANG_WARN_DIRECT_OBJC_ISA_USAGE = YES_ERROR;
				CLANG_WARN_DOCUMENTATION_COMMENTS = YES;
				CLANG_WARN_EMPTY_BODY = YES;
				CLANG_WARN_ENUM_CONVERSION = YES;
				CLANG_WARN_INFINITE_RECURSION = YES;
				CLANG_WARN_INT_CONVERSION = YES;
				CLANG_WARN_NON_LITERAL_NULL_CONVERSION = YES;
				CLANG_WARN_OBJC_IMPLICIT_RETAIN_SELF = YES;
				CLANG_WARN_OBJC_LITERAL_CONVERSION = YES;
				CLANG_WARN_OBJC_ROOT_CLASS = YES_ERROR;
				CLANG_WARN_QUOTED_INCLUDE_IN_FRAMEWORK_HEADER = YES;
				CLANG_WARN_RANGE_LOOP_ANALYSIS = YES;
				CLANG_WARN_STRICT_PROTOTYPES = YES;
				CLANG_WARN_SUSPICIOUS_MOVE = YES;
				CLANG_WARN_UNGUARDED_AVAILABILITY = YES_AGGRESSIVE;
				CLANG_WARN_UNREACHABLE_CODE = YES;
				CLANG_WARN__DUPLICATE_METHOD_MATCH = YES;
				COPY_PHASE_STRIP = NO;
				DEBUG_INFORMATION_FORMAT = dwarf;
				ENABLE_STRICT_OBJC_MSGSEND = YES;
				ENABLE_TESTABILITY = YES;
				ENABLE_USER_SCRIPT_SANDBOXING = YES;
				GCC_C_LANGUAGE_STANDARD = gnu17;
				GCC_DYNAMIC_NO_PIC = NO;
				GCC_NO_COMMON_BLOCKS = YES;
				GCC_OPTIMIZATION_LEVEL = 0;
				GCC_PREPROCESSOR_DEFINITIONS = (
					"DEBUG=1",
					"$(inherited)",
				);
				GCC_WARN_64_TO_32_BIT_CONVERSION = YES;
				GCC_WARN_ABOUT_RETURN_TYPE = YES_ERROR;
				GCC_WARN_UNDECLARED_SELECTOR = YES;
				GCC_WARN_UNINITIALIZED_AUTOS = YES_AGGRESSIVE;
				GCC_WARN_UNUSED_FUNCTION = YES;
				GCC_WARN_UNUSED_VARIABLE = YES;
				IPHONEOS_DEPLOYMENT_TARGET = 17.0;
				LOCALIZATION_PREFERS_STRING_CATALOGS = YES;
				MTL_ENABLE_DEBUG_INFO = INCLUDE_SOURCE;
				MTL_FAST_MATH = YES;
				ONLY_ACTIVE_ARCH = YES;
				SDKROOT = iphoneos;
				SWIFT_ACTIVE_COMPILATION_CONDITIONS = "DEBUG $(inherited)";
				SWIFT_OPTIMIZATION_LEVEL = "-Onone";
			};
			name = Debug;
		};
		9878F32B2A56988600DC7850 /* Release */ = {
			isa = XCBuildConfiguration;
			buildSettings = {
				ALWAYS_SEARCH_USER_PATHS = NO;
				ASSETCATALOG_COMPILER_GENERATE_SWIFT_ASSET_SYMBOL_EXTENSIONS = YES;
				CLANG_ANALYZER_NONNULL = YES;
				CLANG_ANALYZER_NUMBER_OBJECT_CONVERSION = YES_AGGRESSIVE;
				CLANG_CXX_LANGUAGE_STANDARD = "gnu++20";
				CLANG_ENABLE_MODULES = YES;
				CLANG_ENABLE_OBJC_ARC = YES;
				CLANG_ENABLE_OBJC_WEAK = YES;
				CLANG_WARN_BLOCK_CAPTURE_AUTORELEASING = YES;
				CLANG_WARN_BOOL_CONVERSION = YES;
				CLANG_WARN_COMMA = YES;
				CLANG_WARN_CONSTANT_CONVERSION = YES;
				CLANG_WARN_DEPRECATED_OBJC_IMPLEMENTATIONS = YES;
				CLANG_WARN_DIRECT_OBJC_ISA_USAGE = YES_ERROR;
				CLANG_WARN_DOCUMENTATION_COMMENTS = YES;
				CLANG_WARN_EMPTY_BODY = YES;
				CLANG_WARN_ENUM_CONVERSION = YES;
				CLANG_WARN_INFINITE_RECURSION = YES;
				CLANG_WARN_INT_CONVERSION = YES;
				CLANG_WARN_NON_LITERAL_NULL_CONVERSION = YES;
				CLANG_WARN_OBJC_IMPLICIT_RETAIN_SELF = YES;
				CLANG_WARN_OBJC_LITERAL_CONVERSION = YES;
				CLANG_WARN_OBJC_ROOT_CLASS = YES_ERROR;
				CLANG_WARN_QUOTED_INCLUDE_IN_FRAMEWORK_HEADER = YES;
				CLANG_WARN_RANGE_LOOP_ANALYSIS = YES;
				CLANG_WARN_STRICT_PROTOTYPES = YES;
				CLANG_WARN_SUSPICIOUS_MOVE = YES;
				CLANG_WARN_UNGUARDED_AVAILABILITY = YES_AGGRESSIVE;
				CLANG_WARN_UNREACHABLE_CODE = YES;
				CLANG_WARN__DUPLICATE_METHOD_MATCH = YES;
				COPY_PHASE_STRIP = NO;
				DEBUG_INFORMATION_FORMAT = "dwarf-with-dsym";
				ENABLE_NS_ASSERTIONS = NO;
				ENABLE_STRICT_OBJC_MSGSEND = YES;
				ENABLE_USER_SCRIPT_SANDBOXING = YES;
				GCC_C_LANGUAGE_STANDARD = gnu17;
				GCC_NO_COMMON_BLOCKS = YES;
				GCC_WARN_64_TO_32_BIT_CONVERSION = YES;
				GCC_WARN_ABOUT_RETURN_TYPE = YES_ERROR;
				GCC_WARN_UNDECLARED_SELECTOR = YES;
				GCC_WARN_UNINITIALIZED_AUTOS = YES_AGGRESSIVE;
				GCC_WARN_UNUSED_FUNCTION = YES;
				GCC_WARN_UNUSED_VARIABLE = YES;
				IPHONEOS_DEPLOYMENT_TARGET = 17.0;
				LOCALIZATION_PREFERS_STRING_CATALOGS = YES;
				MTL_ENABLE_DEBUG_INFO = NO;
				MTL_FAST_MATH = YES;
				SDKROOT = iphoneos;
				SWIFT_COMPILATION_MODE = wholemodule;
				VALIDATE_PRODUCT = YES;
			};
			name = Release;
		};
		9878F32D2A56988600DC7850 /* Debug */ = {
			isa = XCBuildConfiguration;
			buildSettings = {
				ASSETCATALOG_COMPILER_APPICON_NAME = AppIcon;
				ASSETCATALOG_COMPILER_GLOBAL_ACCENT_COLOR_NAME = AccentColor;
				CODE_SIGN_STYLE = Automatic;
				CURRENT_PROJECT_VERSION = 1;
				DEVELOPMENT_ASSET_PATHS = "\"ChowNow/Preview Content\"";
				DEVELOPMENT_TEAM = J95SPSM87P;
				ENABLE_PREVIEWS = YES;
				GENERATE_INFOPLIST_FILE = YES;
				INFOPLIST_KEY_UIApplicationSceneManifest_Generation = YES;
				INFOPLIST_KEY_UIApplicationSupportsIndirectInputEvents = YES;
				INFOPLIST_KEY_UILaunchScreen_Generation = YES;
				INFOPLIST_KEY_UISupportedInterfaceOrientations_iPad = "UIInterfaceOrientationPortrait UIInterfaceOrientationPortraitUpsideDown UIInterfaceOrientationLandscapeLeft UIInterfaceOrientationLandscapeRight";
				INFOPLIST_KEY_UISupportedInterfaceOrientations_iPhone = "UIInterfaceOrientationPortrait UIInterfaceOrientationLandscapeLeft UIInterfaceOrientationLandscapeRight";
				IPHONEOS_DEPLOYMENT_TARGET = 16.0;
				LD_RUNPATH_SEARCH_PATHS = (
					"$(inherited)",
					"@executable_path/Frameworks",
				);
				MARKETING_VERSION = 1.0;
				PRODUCT_BUNDLE_IDENTIFIER = Vicxruiz.ChowNow;
				PRODUCT_NAME = "$(TARGET_NAME)";
				SWIFT_EMIT_LOC_STRINGS = YES;
				SWIFT_VERSION = 5.0;
				TARGETED_DEVICE_FAMILY = "1,2";
			};
			name = Debug;
		};
		9878F32E2A56988600DC7850 /* Release */ = {
			isa = XCBuildConfiguration;
			buildSettings = {
				ASSETCATALOG_COMPILER_APPICON_NAME = AppIcon;
				ASSETCATALOG_COMPILER_GLOBAL_ACCENT_COLOR_NAME = AccentColor;
				CODE_SIGN_STYLE = Automatic;
				CURRENT_PROJECT_VERSION = 1;
				DEVELOPMENT_ASSET_PATHS = "\"ChowNow/Preview Content\"";
				DEVELOPMENT_TEAM = J95SPSM87P;
				ENABLE_PREVIEWS = YES;
				GENERATE_INFOPLIST_FILE = YES;
				INFOPLIST_KEY_UIApplicationSceneManifest_Generation = YES;
				INFOPLIST_KEY_UIApplicationSupportsIndirectInputEvents = YES;
				INFOPLIST_KEY_UILaunchScreen_Generation = YES;
				INFOPLIST_KEY_UISupportedInterfaceOrientations_iPad = "UIInterfaceOrientationPortrait UIInterfaceOrientationPortraitUpsideDown UIInterfaceOrientationLandscapeLeft UIInterfaceOrientationLandscapeRight";
				INFOPLIST_KEY_UISupportedInterfaceOrientations_iPhone = "UIInterfaceOrientationPortrait UIInterfaceOrientationLandscapeLeft UIInterfaceOrientationLandscapeRight";
				IPHONEOS_DEPLOYMENT_TARGET = 16.0;
				LD_RUNPATH_SEARCH_PATHS = (
					"$(inherited)",
					"@executable_path/Frameworks",
				);
				MARKETING_VERSION = 1.0;
				PRODUCT_BUNDLE_IDENTIFIER = Vicxruiz.ChowNow;
				PRODUCT_NAME = "$(TARGET_NAME)";
				SWIFT_EMIT_LOC_STRINGS = YES;
				SWIFT_VERSION = 5.0;
				TARGETED_DEVICE_FAMILY = "1,2";
			};
			name = Release;
		};
		9878F3302A56988600DC7850 /* Debug */ = {
			isa = XCBuildConfiguration;
			buildSettings = {
				ALWAYS_EMBED_SWIFT_STANDARD_LIBRARIES = YES;
				BUNDLE_LOADER = "$(TEST_HOST)";
				CLANG_ENABLE_MODULES = YES;
				CODE_SIGN_STYLE = Automatic;
				CURRENT_PROJECT_VERSION = 1;
				DEVELOPMENT_TEAM = J95SPSM87P;
				GENERATE_INFOPLIST_FILE = YES;
				IPHONEOS_DEPLOYMENT_TARGET = 17.0;
				MARKETING_VERSION = 1.0;
				PRODUCT_BUNDLE_IDENTIFIER = Vicxruiz.ChowNowTests;
				PRODUCT_NAME = "$(TARGET_NAME)";
				SWIFT_EMIT_LOC_STRINGS = NO;
				SWIFT_OPTIMIZATION_LEVEL = "-Onone";
				SWIFT_VERSION = 5.0;
				TARGETED_DEVICE_FAMILY = "1,2";
				TEST_HOST = "$(BUILT_PRODUCTS_DIR)/ChowNow.app/$(BUNDLE_EXECUTABLE_FOLDER_PATH)/ChowNow";
			};
			name = Debug;
		};
		9878F3312A56988600DC7850 /* Release */ = {
			isa = XCBuildConfiguration;
			buildSettings = {
				ALWAYS_EMBED_SWIFT_STANDARD_LIBRARIES = YES;
				BUNDLE_LOADER = "$(TEST_HOST)";
				CLANG_ENABLE_MODULES = YES;
				CODE_SIGN_STYLE = Automatic;
				CURRENT_PROJECT_VERSION = 1;
				DEVELOPMENT_TEAM = J95SPSM87P;
				GENERATE_INFOPLIST_FILE = YES;
				IPHONEOS_DEPLOYMENT_TARGET = 17.0;
				MARKETING_VERSION = 1.0;
				PRODUCT_BUNDLE_IDENTIFIER = Vicxruiz.ChowNowTests;
				PRODUCT_NAME = "$(TARGET_NAME)";
				SWIFT_EMIT_LOC_STRINGS = NO;
				SWIFT_VERSION = 5.0;
				TARGETED_DEVICE_FAMILY = "1,2";
				TEST_HOST = "$(BUILT_PRODUCTS_DIR)/ChowNow.app/$(BUNDLE_EXECUTABLE_FOLDER_PATH)/ChowNow";
			};
			name = Release;
		};
		9878F3332A56988600DC7850 /* Debug */ = {
			isa = XCBuildConfiguration;
			buildSettings = {
				ALWAYS_EMBED_SWIFT_STANDARD_LIBRARIES = YES;
				CODE_SIGN_STYLE = Automatic;
				CURRENT_PROJECT_VERSION = 1;
				DEVELOPMENT_TEAM = J95SPSM87P;
				GENERATE_INFOPLIST_FILE = YES;
				MARKETING_VERSION = 1.0;
				PRODUCT_BUNDLE_IDENTIFIER = Vicxruiz.ChowNowUITests;
				PRODUCT_NAME = "$(TARGET_NAME)";
				SWIFT_EMIT_LOC_STRINGS = NO;
				SWIFT_VERSION = 5.0;
				TARGETED_DEVICE_FAMILY = "1,2";
				TEST_TARGET_NAME = ChowNow;
			};
			name = Debug;
		};
		9878F3342A56988600DC7850 /* Release */ = {
			isa = XCBuildConfiguration;
			buildSettings = {
				ALWAYS_EMBED_SWIFT_STANDARD_LIBRARIES = YES;
				CODE_SIGN_STYLE = Automatic;
				CURRENT_PROJECT_VERSION = 1;
				DEVELOPMENT_TEAM = J95SPSM87P;
				GENERATE_INFOPLIST_FILE = YES;
				MARKETING_VERSION = 1.0;
				PRODUCT_BUNDLE_IDENTIFIER = Vicxruiz.ChowNowUITests;
				PRODUCT_NAME = "$(TARGET_NAME)";
				SWIFT_EMIT_LOC_STRINGS = NO;
				SWIFT_VERSION = 5.0;
				TARGETED_DEVICE_FAMILY = "1,2";
				TEST_TARGET_NAME = ChowNow;
			};
			name = Release;
		};
/* End XCBuildConfiguration section */

/* Begin XCConfigurationList section */
		9878F3032A56988400DC7850 /* Build configuration list for PBXProject "ChowNow" */ = {
			isa = XCConfigurationList;
			buildConfigurations = (
				9878F32A2A56988600DC7850 /* Debug */,
				9878F32B2A56988600DC7850 /* Release */,
			);
			defaultConfigurationIsVisible = 0;
			defaultConfigurationName = Release;
		};
		9878F32C2A56988600DC7850 /* Build configuration list for PBXNativeTarget "ChowNow" */ = {
			isa = XCConfigurationList;
			buildConfigurations = (
				9878F32D2A56988600DC7850 /* Debug */,
				9878F32E2A56988600DC7850 /* Release */,
			);
			defaultConfigurationIsVisible = 0;
			defaultConfigurationName = Release;
		};
		9878F32F2A56988600DC7850 /* Build configuration list for PBXNativeTarget "ChowNowTests" */ = {
			isa = XCConfigurationList;
			buildConfigurations = (
				9878F3302A56988600DC7850 /* Debug */,
				9878F3312A56988600DC7850 /* Release */,
			);
			defaultConfigurationIsVisible = 0;
			defaultConfigurationName = Release;
		};
		9878F3322A56988600DC7850 /* Build configuration list for PBXNativeTarget "ChowNowUITests" */ = {
			isa = XCConfigurationList;
			buildConfigurations = (
				9878F3332A56988600DC7850 /* Debug */,
				9878F3342A56988600DC7850 /* Release */,
			);
			defaultConfigurationIsVisible = 0;
			defaultConfigurationName = Release;
		};
/* End XCConfigurationList section */

/* Begin XCRemoteSwiftPackageReference section */
		9878F34A2A56A4B800DC7850 /* XCRemoteSwiftPackageReference "SnapKit" */ = {
			isa = XCRemoteSwiftPackageReference;
			repositoryURL = "https://github.com/SnapKit/SnapKit.git";
			requirement = {
				kind = upToNextMajorVersion;
				minimumVersion = 5.6.0;
			};
		};
/* End XCRemoteSwiftPackageReference section */

/* Begin XCSwiftPackageProductDependency section */
		9878F34B2A56A4B800DC7850 /* SnapKit */ = {
			isa = XCSwiftPackageProductDependency;
			package = 9878F34A2A56A4B800DC7850 /* XCRemoteSwiftPackageReference "SnapKit" */;
			productName = SnapKit;
		};
/* End XCSwiftPackageProductDependency section */
	};
	rootObject = 9878F3002A56988400DC7850 /* Project object */;
}
